
Microsoft Visual Studio Solution File, Format Version 12.00
# Visual Studio Version 17
VisualStudioVersion = 17.14.36221.1
MinimumVisualStudioVersion = 10.0.40219.1
Project("{FAE04EC0-301F-11D3-BF4B-00C04F79EFBC}") = "DefNotEbay_API.Tests", "DefNotEbay_API.Tests\DefNotEbay_API.Tests.csproj", "{210DD838-90BA-49E6-9C89-BAA96D9CBC6F}"
EndProject
Project("{FAE04EC0-301F-11D3-BF4B-00C04F79EFBC}") = "DefNotEbay_API", "DefNotEbay_API\DefNotEbay_API.csproj", "{6AE71F8E-AAAC-4DB4-BF42-2BCE42F671E7}"
EndProject
Global
	GlobalSection(SolutionConfigurationPlatforms) = preSolution
		Debug|Any CPU = Debug|Any CPU
		Debug|x64 = Debug|x64
		Debug|x86 = Debug|x86
		Release|Any CPU = Release|Any CPU
		Release|x64 = Release|x64
		Release|x86 = Release|x86
	EndGlobalSection
	GlobalSection(ProjectConfigurationPlatforms) = postSolution
		{210DD838-90BA-49E6-9C89-BAA96D9CBC6F}.Debug|Any CPU.ActiveCfg = Debug|Any CPU
		{210DD838-90BA-49E6-9C89-BAA96D9CBC6F}.Debug|Any CPU.Build.0 = Debug|Any CPU
		{210DD838-90BA-49E6-9C89-BAA96D9CBC6F}.Debug|x64.ActiveCfg = Debug|Any CPU
		{210DD838-90BA-49E6-9C89-BAA96D9CBC6F}.Debug|x64.Build.0 = Debug|Any CPU
		{210DD838-90BA-49E6-9C89-BAA96D9CBC6F}.Debug|x86.ActiveCfg = Debug|Any CPU
		{210DD838-90BA-49E6-9C89-BAA96D9CBC6F}.Debug|x86.Build.0 = Debug|Any CPU
		{210DD838-90BA-49E6-9C89-BAA96D9CBC6F}.Release|Any CPU.ActiveCfg = Release|Any CPU
		{210DD838-90BA-49E6-9C89-BAA96D9CBC6F}.Release|Any CPU.Build.0 = Release|Any CPU
		{210DD838-90BA-49E6-9C89-BAA96D9CBC6F}.Release|x64.ActiveCfg = Release|Any CPU
		{210DD838-90BA-49E6-9C89-BAA96D9CBC6F}.Release|x64.Build.0 = Release|Any CPU
		{210DD838-90BA-49E6-9C89-BAA96D9CBC6F}.Release|x86.ActiveCfg = Release|Any CPU
		{210DD838-90BA-49E6-9C89-BAA96D9CBC6F}.Release|x86.Build.0 = Release|Any CPU
		{6AE71F8E-AAAC-4DB4-BF42-2BCE42F671E7}.Debug|Any CPU.ActiveCfg = Debug|Any CPU
		{6AE71F8E-AAAC-4DB4-BF42-2BCE42F671E7}.Debug|Any CPU.Build.0 = Debug|Any CPU
		{6AE71F8E-AAAC-4DB4-BF42-2BCE42F671E7}.Debug|x64.ActiveCfg = Debug|Any CPU
		{6AE71F8E-AAAC-4DB4-BF42-2BCE42F671E7}.Debug|x64.Build.0 = Debug|Any CPU
		{6AE71F8E-AAAC-4DB4-BF42-2BCE42F671E7}.Debug|x86.ActiveCfg = Debug|Any CPU
		{6AE71F8E-AAAC-4DB4-BF42-2BCE42F671E7}.Debug|x86.Build.0 = Debug|Any CPU
		{6AE71F8E-AAAC-4DB4-BF42-2BCE42F671E7}.Release|Any CPU.ActiveCfg = Release|Any CPU
		{6AE71F8E-AAAC-4DB4-BF42-2BCE42F671E7}.Release|Any CPU.Build.0 = Release|Any CPU
		{6AE71F8E-AAAC-4DB4-BF42-2BCE42F671E7}.Release|x64.ActiveCfg = Release|Any CPU
		{6AE71F8E-AAAC-4DB4-BF42-2BCE42F671E7}.Release|x64.Build.0 = Release|Any CPU
		{6AE71F8E-AAAC-4DB4-BF42-2BCE42F671E7}.Release|x86.ActiveCfg = Release|Any CPU
		{6AE71F8E-AAAC-4DB4-BF42-2BCE42F671E7}.Release|x86.Build.0 = Release|Any CPU
	EndGlobalSection
	GlobalSection(SolutionProperties) = preSolution
		HideSolutionNode = FALSE
	EndGlobalSection
	GlobalSection(ExtensibilityGlobals) = postSolution
		SolutionGuid = {1AB3F410-7177-4B44-9448-26139B4E2736}
	EndGlobalSection
EndGlobal
